lockfileVersion: '6.0'

settings:
  autoInstallPeers: true
  excludeLinksFromLockfile: false

devDependencies:
  '@netlify/functions':
    specifier: ^1.6.0
    version: 1.6.0
  '@unocss/preset-typography':
    specifier: ^0.55.2
    version: 0.55.2
  '@unocss/reset':
    specifier: ^0.55.2
    version: 0.55.2
  '@unocss/transformer-directives':
    specifier: ^0.55.2
    version: 0.55.2
  dozzle:
    specifier: workspace:*
    version: link:..
  sitemap:
    specifier: ^7.1.1
    version: 7.1.1
  unocss:
    specifier: ^0.55.2
    version: 0.55.2(postcss@8.4.27)(vite@4.4.9)

packages:

  /@ampproject/remapping@2.2.1:
    resolution: {integrity: sha512-lFMjJTrFL3j7L9yBxwYfCq2k6qqwHyzuUl/XBnif78PWTJYyL/dfowQHWE3sp6U6ZzqWiiIZnpTMO96zhkjwtg==}
    engines: {node: '>=6.0.0'}
    dependencies:
      '@jridgewell/gen-mapping': 0.3.3
      '@jridgewell/trace-mapping': 0.3.19
    dev: true

  /@antfu/install-pkg@0.1.1:
    resolution: {integrity: sha512-LyB/8+bSfa0DFGC06zpCEfs89/XoWZwws5ygEa5D+Xsm3OfI+aXQ86VgVG7Acyef+rSZ5HE7J8rrxzrQeM3PjQ==}
    dependencies:
      execa: 5.1.1
      find-up: 5.0.0
    dev: true

  /@antfu/utils@0.7.5:
    resolution: {integrity: sha512-dlR6LdS+0SzOAPx/TPRhnoi7hE251OVeT2Snw0RguNbBSbjUHdWr0l3vcUUDg26rEysT89kCbtw1lVorBXLLCg==}
    dev: true

  /@esbuild/android-arm64@0.18.19:
    resolution: {integrity: sha512-4+jkUFQxZkQfQOOxfGVZB38YUWHMJX2ihZwF+2nh8m7bHdWXpixiurgGRN3c/KMSwlltbYI0/i929jwBRMFzbA==}
    engines: {node: '>=12'}
    cpu: [arm64]
    os: [android]
    requiresBuild: true
    dev: true
    optional: true

  /@esbuild/android-arm@0.18.19:
    resolution: {integrity: sha512-1uOoDurJYh5MNqPqpj3l/TQCI1V25BXgChEldCB7D6iryBYqYKrbZIhYO5AI9fulf66sM8UJpc3UcCly2Tv28w==}
    engines: {node: '>=12'}
    cpu: [arm]
    os: [android]
    requiresBuild: true
    dev: true
    optional: true

  /@esbuild/android-x64@0.18.19:
    resolution: {integrity: sha512-ae5sHYiP/Ogj2YNrLZbWkBmyHIDOhPgpkGvFnke7XFGQldBDWvc/AyYwSLpNuKw9UNkgnLlB/jPpnBmlF3G9Bg==}
    engines: {node: '>=12'}
    cpu: [x64]
    os: [android]
    requiresBuild: true
    dev: true
    optional: true

  /@esbuild/darwin-arm64@0.18.19:
    resolution: {integrity: sha512-HIpQvNQWFYROmWDANMRL+jZvvTQGOiTuwWBIuAsMaQrnStedM+nEKJBzKQ6bfT9RFKH2wZ+ej+DY7+9xHBTFPg==}
    engines: {node: '>=12'}
    cpu: [arm64]
    os: [darwin]
    requiresBuild: true
    dev: true
    optional: true

  /@esbuild/darwin-x64@0.18.19:
    resolution: {integrity: sha512-m6JdvXJQt0thNLIcWOeG079h2ivhYH4B5sVCgqb/B29zTcFd7EE8/J1nIUHhdtwGeItdUeqKaqqb4towwxvglQ==}
    engines: {node: '>=12'}
    cpu: [x64]
    os: [darwin]
    requiresBuild: true
    dev: true
    optional: true

  /@esbuild/freebsd-arm64@0.18.19:
    resolution: {integrity: sha512-G0p4EFMPZhGn/xVNspUyMQbORH3nlKTV0bFNHPIwLraBuAkTeMyxNviTe0ZXUbIXQrR1lrwniFjNFU4s+x7veQ==}
    engines: {node: '>=12'}
    cpu: [arm64]
    os: [freebsd]
    requiresBuild: true
    dev: true
    optional: true

  /@esbuild/freebsd-x64@0.18.19:
    resolution: {integrity: sha512-hBxgRlG42+W+j/1/cvlnSa+3+OBKeDCyO7OG2ICya1YJaSCYfSpuG30KfOnQHI7Ytgu4bRqCgrYXxQEzy0zM5Q==}
    engines: {node: '>=12'}
    cpu: [x64]
    os: [freebsd]
    requiresBuild: true
    dev: true
    optional: true

  /@esbuild/linux-arm64@0.18.19:
    resolution: {integrity: sha512-X8g33tczY0GsJq3lhyBrjnFtaKjWVpp1gMq5IlF9BQJ3TUfSK74nQnz9mRIEejmcV+OIYn6bkOJeUaU1Knrljg==}
    engines: {node: '>=12'}
    cpu: [arm64]
    os: [linux]
    requiresBuild: true
    dev: true
    optional: true

  /@esbuild/linux-arm@0.18.19:
    resolution: {integrity: sha512-qtWyoQskfJlb9MD45mvzCEKeO4uCnDZ7lPFeNqbfaaJHqBiH9qA5Vu2EuckqYZuFMJWy1l4dxTf9NOulCVfUjg==}
    engines: {node: '>=12'}
    cpu: [arm]
    os: [linux]
    requiresBuild: true
    dev: true
    optional: true

  /@esbuild/linux-ia32@0.18.19:
    resolution: {integrity: sha512-SAkRWJgb+KN+gOhmbiE6/wu23D6HRcGQi15cB13IVtBZZgXxygTV5GJlUAKLQ5Gcx0gtlmt+XIxEmSqA6sZTOw==}
    engines: {node: '>=12'}
    cpu: [ia32]
    os: [linux]
    requiresBuild: true
    dev: true
    optional: true

  /@esbuild/linux-loong64@0.18.19:
    resolution: {integrity: sha512-YLAslaO8NsB9UOxBchos82AOMRDbIAWChwDKfjlGrHSzS3v1kxce7dGlSTsrb0PJwo1KYccypN3VNjQVLtz7LA==}
    engines: {node: '>=12'}
    cpu: [loong64]
    os: [linux]
    requiresBuild: true
    dev: true
    optional: true

  /@esbuild/linux-mips64el@0.18.19:
    resolution: {integrity: sha512-vSYFtlYds/oTI8aflEP65xo3MXChMwBOG1eWPGGKs/ev9zkTeXVvciU+nifq8J1JYMz+eQ4J9JDN0O2RKF8+1Q==}
    engines: {node: '>=12'}
    cpu: [mips64el]
    os: [linux]
    requiresBuild: true
    dev: true
    optional: true

  /@esbuild/linux-ppc64@0.18.19:
    resolution: {integrity: sha512-tgG41lRVwlzqO9tv9l7aXYVw35BxKXLtPam1qALScwSqPivI8hjkZLNH0deaaSCYCFT9cBIdB+hUjWFlFFLL9A==}
    engines: {node: '>=12'}
    cpu: [ppc64]
    os: [linux]
    requiresBuild: true
    dev: true
    optional: true

  /@esbuild/linux-riscv64@0.18.19:
    resolution: {integrity: sha512-EgBZFLoN1S5RuB4cCJI31pBPsjE1nZ+3+fHRjguq9Ibrzo29bOLSBcH1KZJvRNh5qtd+fcYIGiIUia8Jw5r1lQ==}
    engines: {node: '>=12'}
    cpu: [riscv64]
    os: [linux]
    requiresBuild: true
    dev: true
    optional: true

  /@esbuild/linux-s390x@0.18.19:
    resolution: {integrity: sha512-q1V1rtHRojAzjSigZEqrcLkpfh5K09ShCoIsdTakozVBnM5rgV58PLFticqDp5UJ9uE0HScov9QNbbl8HBo6QQ==}
    engines: {node: '>=12'}
    cpu: [s390x]
    os: [linux]
    requiresBuild: true
    dev: true
    optional: true

  /@esbuild/linux-x64@0.18.19:
    resolution: {integrity: sha512-D0IiYjpZRXxGZLQfsydeAD7ZWqdGyFLBj5f2UshJpy09WPs3qizDCsEr8zyzcym6Woj/UI9ZzMIXwvoXVtyt0A==}
    engines: {node: '>=12'}
    cpu: [x64]
    os: [linux]
    requiresBuild: true
    dev: true
    optional: true

  /@esbuild/netbsd-x64@0.18.19:
    resolution: {integrity: sha512-3tt3SOS8L3D54R8oER41UdDshlBIAjYhdWRPiZCTZ1E41+shIZBpTjaW5UaN/jD1ENE/Ok5lkeqhoNMbxstyxw==}
    engines: {node: '>=12'}
    cpu: [x64]
    os: [netbsd]
    requiresBuild: true
    dev: true
    optional: true

  /@esbuild/openbsd-x64@0.18.19:
    resolution: {integrity: sha512-MxbhcuAYQPlfln1EMc4T26OUoeg/YQc6wNoEV8xvktDKZhLtBxjkoeESSo9BbPaGKhAPzusXYj5n8n5A8iZSrA==}
    engines: {node: '>=12'}
    cpu: [x64]
    os: [openbsd]
    requiresBuild: true
    dev: true
    optional: true

  /@esbuild/sunos-x64@0.18.19:
    resolution: {integrity: sha512-m0/UOq1wj25JpWqOJxoWBRM9VWc3c32xiNzd+ERlYstUZ6uwx5SZsQUtkiFHaYmcaoj+f6+Tfcl7atuAz3idwQ==}
    engines: {node: '>=12'}
    cpu: [x64]
    os: [sunos]
    requiresBuild: true
    dev: true
    optional: true

  /@esbuild/win32-arm64@0.18.19:
    resolution: {integrity: sha512-L4vb6pcoB1cEcXUHU6EPnUhUc4+/tcz4OqlXTWPcSQWxegfmcOprhmIleKKwmMNQVc4wrx/+jB7tGkjjDmiupg==}
    engines: {node: '>=12'}
    cpu: [arm64]
    os: [win32]
    requiresBuild: true
    dev: true
    optional: true

  /@esbuild/win32-ia32@0.18.19:
    resolution: {integrity: sha512-rQng7LXSKdrDlNDb7/v0fujob6X0GAazoK/IPd9C3oShr642ri8uIBkgM37/l8B3Rd5sBQcqUXoDdEy75XC/jg==}
    engines: {node: '>=12'}
    cpu: [ia32]
    os: [win32]
    requiresBuild: true
    dev: true
    optional: true

  /@esbuild/win32-x64@0.18.19:
    resolution: {integrity: sha512-z69jhyG20Gq4QL5JKPLqUT+eREuqnDAFItLbza4JCmpvUnIlY73YNjd5djlO7kBiiZnvTnJuAbOjIoZIOa1GjA==}
    engines: {node: '>=12'}
    cpu: [x64]
    os: [win32]
    requiresBuild: true
    dev: true
    optional: true

  /@iconify/types@2.0.0:
    resolution: {integrity: sha512-+wluvCrRhXrhyOmRDJ3q8mux9JkKy5SJ/v8ol2tu4FVjyYvtEzkc/3pK15ET6RKg4b4w4BmTk1+gsCUhf21Ykg==}
    dev: true

  /@iconify/utils@2.1.7:
    resolution: {integrity: sha512-P8S3z/L1LcV4Qem9AoCfVAaTFGySEMzFEY4CHZLkfRj0Fv9LiR+AwjDgrDrzyI93U2L2mg9JHsbTJ52mF8suNw==}
    dependencies:
      '@antfu/install-pkg': 0.1.1
      '@antfu/utils': 0.7.5
      '@iconify/types': 2.0.0
      debug: 4.3.4
      kolorist: 1.8.0
      local-pkg: 0.4.3
    transitivePeerDependencies:
      - supports-color
    dev: true

  /@jridgewell/gen-mapping@0.3.3:
    resolution: {integrity: sha512-HLhSWOLRi875zjjMG/r+Nv0oCW8umGb0BgEhyX3dDX3egwZtB8PqLnjz3yedt8R5StBrzcg4aBpnh8UA9D1BoQ==}
    engines: {node: '>=6.0.0'}
    dependencies:
      '@jridgewell/set-array': 1.1.2
      '@jridgewell/sourcemap-codec': 1.4.15
      '@jridgewell/trace-mapping': 0.3.19
    dev: true

  /@jridgewell/resolve-uri@3.1.1:
    resolution: {integrity: sha512-dSYZh7HhCDtCKm4QakX0xFpsRDqjjtZf/kjI/v3T3Nwt5r8/qz/M19F9ySyOqU94SXBmeG9ttTul+YnR4LOxFA==}
    engines: {node: '>=6.0.0'}
    dev: true

  /@jridgewell/set-array@1.1.2:
    resolution: {integrity: sha512-xnkseuNADM0gt2bs+BvhO0p78Mk762YnZdsuzFV018NoG1Sj1SCQvpSqa7XUaTam5vAGasABV9qXASMKnFMwMw==}
    engines: {node: '>=6.0.0'}
    dev: true

  /@jridgewell/sourcemap-codec@1.4.15:
    resolution: {integrity: sha512-eF2rxCRulEKXHTRiDrDy6erMYWqNw4LPdQ8UQA4huuxaQsVeRPFl2oM8oDGxMFhJUWZf9McpLtJasDDZb/Bpeg==}
    dev: true

  /@jridgewell/trace-mapping@0.3.19:
    resolution: {integrity: sha512-kf37QtfW+Hwx/buWGMPcR60iF9ziHa6r/CZJIHbmcm4+0qrXiVdxegAH0F6yddEVQ7zdkjcGCgCzUu+BcbhQxw==}
    dependencies:
      '@jridgewell/resolve-uri': 3.1.1
      '@jridgewell/sourcemap-codec': 1.4.15
    dev: true

  /@netlify/functions@1.6.0:
    resolution: {integrity: sha512-6G92AlcpFrQG72XU8YH8pg94eDnq7+Q0YJhb8x4qNpdGsvuzvrfHWBmqFGp/Yshmv4wex9lpsTRZOocdrA2erQ==}
    engines: {node: '>=14.0.0'}
    dependencies:
      is-promise: 4.0.0
    dev: true

  /@nodelib/fs.scandir@2.1.5:
    resolution: {integrity: sha512-vq24Bq3ym5HEQm2NKCr3yXDwjc7vTsEThRDnkp2DK9p1uqLR+DHurm/NOTo0KG7HYHU7eppKZj3MyqYuMBf62g==}
    engines: {node: '>= 8'}
    dependencies:
      '@nodelib/fs.stat': 2.0.5
      run-parallel: 1.2.0
    dev: true

  /@nodelib/fs.stat@2.0.5:
    resolution: {integrity: sha512-RkhPPp2zrqDAQA/2jNhnztcPAlv64XdhIp7a7454A5ovI7Bukxgt7MX7udwAu3zg1DcpPU0rz3VV1SeaqvY4+A==}
    engines: {node: '>= 8'}
    dev: true

  /@nodelib/fs.walk@1.2.8:
    resolution: {integrity: sha512-oGB+UxlgWcgQkgwo8GcEGwemoTFt3FIO9ababBmaGwXIoBKZ+GTy0pP185beGg7Llih/NSHSV2XAs1lnznocSg==}
    engines: {node: '>= 8'}
    dependencies:
      '@nodelib/fs.scandir': 2.1.5
      fastq: 1.15.0
    dev: true

  /@polka/url@1.0.0-next.21:
    resolution: {integrity: sha512-a5Sab1C4/icpTZVzZc5Ghpz88yQtGOyNqYXcZgOssB2uuAr+wF/MvN6bgtW32q7HHrvBki+BsZ0OuNv6EV3K9g==}
    dev: true

  /@rollup/pluginutils@5.0.3:
    resolution: {integrity: sha512-hfllNN4a80rwNQ9QCxhxuHCGHMAvabXqxNdaChUSSadMre7t4iEUI6fFAhBOn/eIYTgYVhBv7vCLsAJ4u3lf3g==}
    engines: {node: '>=14.0.0'}
    peerDependencies:
      rollup: ^1.20.0||^2.0.0||^3.0.0
    peerDependenciesMeta:
      rollup:
        optional: true
    dependencies:
      '@types/estree': 1.0.1
      estree-walker: 2.0.2
      picomatch: 2.3.1
    dev: true

  /@types/estree@1.0.1:
    resolution: {integrity: sha512-LG4opVs2ANWZ1TJoKc937iMmNstM/d0ae1vNbnBvBhqCSezgVUOzcLCqbI5elV8Vy6WKwKjaqR+zO9VKirBBCA==}
    dev: true

  /@types/node@17.0.45:
    resolution: {integrity: sha512-w+tIMs3rq2afQdsPJlODhoUEKzFP1ayaoyl1CcnwtIlsVe7K7bA1NGm4s3PraqTLlXnbIN84zuBlxBWo1u9BLw==}
    dev: true

  /@types/node@18.14.2:
    resolution: {integrity: sha512-1uEQxww3DaghA0RxqHx0O0ppVlo43pJhepY51OxuQIKHpjbnYLA7vcdwioNPzIqmC2u3I/dmylcqjlh0e7AyUA==}
    dev: true

  /@types/sax@1.2.4:
    resolution: {integrity: sha512-pSAff4IAxJjfAXUG6tFkO7dsSbTmf8CtUpfhhZ5VhkRpC4628tJhh3+V6H1E+/Gs9piSzYKT5yzHO5M4GG9jkw==}
    dependencies:
      '@types/node': 18.14.2
    dev: true

  /@unocss/astro@0.55.2(vite@4.4.9):
    resolution: {integrity: sha512-cSzBKPEveZZQDZp5bq0UlL8CVvzB/1LsgZmZufxi9oMMjMJYqzfTkKg5z65GcP82Xp5c0N3KKkl/R6I+/7Iwvw==}
    peerDependencies:
      vite: ^2.9.0 || ^3.0.0-0 || ^4.0.0
    peerDependenciesMeta:
      vite:
        optional: true
    dependencies:
      '@unocss/core': 0.55.2
      '@unocss/reset': 0.55.2
      '@unocss/vite': 0.55.2(vite@4.4.9)
      vite: 4.4.9
    transitivePeerDependencies:
      - rollup
    dev: true

  /@unocss/cli@0.55.2:
    resolution: {integrity: sha512-ZJ8aBhm+3WjGCA5HcOQ4C3mbtJwkgMX2gpjjJ0MPh/iZOz3+/zmHlrXJCS3jIFouRYSwxxanWdrGUuLIQLqPhQ==}
    engines: {node: '>=14'}
    hasBin: true
    dependencies:
      '@ampproject/remapping': 2.2.1
      '@rollup/pluginutils': 5.0.3
      '@unocss/config': 0.55.2
      '@unocss/core': 0.55.2
      '@unocss/preset-uno': 0.55.2
      cac: 6.7.14
      chokidar: 3.5.3
      colorette: 2.0.20
      consola: 3.2.3
      fast-glob: 3.3.1
      magic-string: 0.30.2
      pathe: 1.1.1
      perfect-debounce: 1.0.0
    transitivePeerDependencies:
      - rollup
    dev: true

  /@unocss/config@0.55.2:
    resolution: {integrity: sha512-RYDv9QzhUeBz9BY+Pty0xc9vk/m4LGBNMiBghcItW6zXN554JbSuoPD55DmnvO2iXrIYujBZdB/Kob6GLCZpqw==}
    engines: {node: '>=14'}
    dependencies:
      '@unocss/core': 0.55.2
      unconfig: 0.3.10
    dev: true

  /@unocss/core@0.55.2:
    resolution: {integrity: sha512-ZLEES8RDgWoK/vttUzl3PM2bZqL3HvhLgj8xdDa09Xw+JiTlR4c66s+hLn52oCoJTnT9lGsD2j7tTGN9ToSiTA==}
    dev: true

  /@unocss/extractor-arbitrary-variants@0.55.2:
    resolution: {integrity: sha512-mHEoFx+ITe3OgFoIUhkCQxRgUjvOJeHtI1Z3Sm8NDMy2vTqOlkSf7NLWEyFfQsSFYqpWGTkaW1XiMZujGMoB/g==}
    dependencies:
      '@unocss/core': 0.55.2
    dev: true

  /@unocss/inspector@0.55.2:
    resolution: {integrity: sha512-AMNZ7FsBFhQCMuAQugCk7d+3uoHDN2VFwCzSxk0ITgG51J90jfVgAo9mJf28W/AM4g0qVHScveJDPKzA+2o+Vg==}
    dependencies:
      gzip-size: 6.0.0
      sirv: 2.0.3
    dev: true

  /@unocss/postcss@0.55.2(postcss@8.4.27):
    resolution: {integrity: sha512-HJLGINNlQ3DGL9zRGuctX+mOVW2w7o8Wj89v3/2qTcqXBDpwfn1+KlxSjU9rsEPdE4Ur3MIcVXcJC0wz4+EwEA==}
    engines: {node: '>=14'}
    peerDependencies:
      postcss: ^8.4.21
    dependencies:
      '@unocss/config': 0.55.2
      '@unocss/core': 0.55.2
      css-tree: 2.3.1
      fast-glob: 3.3.1
      magic-string: 0.30.2
      postcss: 8.4.27
    dev: true

  /@unocss/preset-attributify@0.55.2:
    resolution: {integrity: sha512-jn5ulsKpAipsX3Gf2/iSZydgI0eP1ENeoS6rrNBL8zl1mRihnZYFegS75rGYjO6sEfEHrhkBiSHOw7Uv5KtLbw==}
    dependencies:
      '@unocss/core': 0.55.2
    dev: true

  /@unocss/preset-icons@0.55.2:
    resolution: {integrity: sha512-NK9LcTlBZv6zO8Qbu+VA9HblzYc5ebuFwaQMfQcYj2Z6dBOT27Ki41LY1qjEXzzMPXb44Q14Rlk0tJc8LtJIpQ==}
    dependencies:
      '@iconify/utils': 2.1.7
      '@unocss/core': 0.55.2
      ofetch: 1.1.1
    transitivePeerDependencies:
      - supports-color
    dev: true

  /@unocss/preset-mini@0.55.2:
    resolution: {integrity: sha512-jwUsrwtPwMvFVJUP+FVFjq+sp+xQPyFLRPSb89ZI34F1a3EwJ2wioDICLqWjOjY7zei9UgtSY0owBM9vwxw/kg==}
    dependencies:
      '@unocss/core': 0.55.2
      '@unocss/extractor-arbitrary-variants': 0.55.2
    dev: true

  /@unocss/preset-tagify@0.55.2:
    resolution: {integrity: sha512-m8/9wBtUQSwnwsLANhUOc7sukF8ReHJ7ZC6fCfTozRMOhwu+bDcf9G7pguXdNC4DdZXI15cvbZzkYF2l733qUw==}
    dependencies:
      '@unocss/core': 0.55.2
    dev: true

  /@unocss/preset-typography@0.55.2:
    resolution: {integrity: sha512-Y4JEihpKPDlXWXxnnMZbQclqZ4+DUD8RVFk46ERe9CLNEYkFObd4LG7yfSurr/C01zuU/GhEMyOWqSGsSyCxKg==}
    dependencies:
      '@unocss/core': 0.55.2
      '@unocss/preset-mini': 0.55.2
    dev: true

  /@unocss/preset-uno@0.55.2:
    resolution: {integrity: sha512-8VJXC6+f5YBjUaTkf+EGAembDYMleb0zjkb4hwXxjPIsO+mXixdZC2icCiN/12DLlwH4FzEvObLKns3CGEAZZw==}
    dependencies:
      '@unocss/core': 0.55.2
      '@unocss/preset-mini': 0.55.2
      '@unocss/preset-wind': 0.55.2
    dev: true

  /@unocss/preset-web-fonts@0.55.2:
    resolution: {integrity: sha512-kRnrfZPDkU2r9tp507rsh4kwhUzZ76XBTZLmElYm8tlP6HZzIHcFF8fdW15J4nh81b/IGw8ZOS7aQmqtHu3A8A==}
    dependencies:
      '@unocss/core': 0.55.2
      ofetch: 1.1.1
    dev: true

  /@unocss/preset-wind@0.55.2:
    resolution: {integrity: sha512-th/aOokb10ApaiVLNI093mvko4XryJ70oEhzz4tHdSuhnQWf5eY7+k7y9EEYFz8i1OOrKuer0HzUV27llZaufw==}
    dependencies:
      '@unocss/core': 0.55.2
      '@unocss/preset-mini': 0.55.2
    dev: true

  /@unocss/reset@0.55.2:
    resolution: {integrity: sha512-paInTGIhtI96fcJGZWbkPLW/7qiTlHxSbEIs1HGHcbf3WbwNuKrJUvKlQAhUs2HILNKhvsTXQl05Os8gtinLEA==}
    dev: true

  /@unocss/scope@0.55.2:
    resolution: {integrity: sha512-o1b86ejgaFDqfC712mUZqZDQNf6o1xDzm6+bgHySdiltR8Quo6l8RcoZjZrCvEogtPbko4/XJ374t1NQMUQf4g==}
    dev: true

  /@unocss/transformer-attributify-jsx-babel@0.55.2:
    resolution: {integrity: sha512-pmfF546i8pKfMNeYZOJz2UzbuUwj0v7GqcoP5fClyRUzBMUfXdJwBSdFaYkdWR5Q/O1sv+pI0S8r/G9T7QuldA==}
    dependencies:
      '@unocss/core': 0.55.2
    dev: true

  /@unocss/transformer-attributify-jsx@0.55.2:
    resolution: {integrity: sha512-WerdaNagorTtYDvbhlZEmeuBrQ5lmPE0vG9r20bPR/vLy9UmbIFPpzt6b/hSLqOUnZnaEfbrpNUlpBZgUXpvsg==}
    dependencies:
      '@unocss/core': 0.55.2
    dev: true

  /@unocss/transformer-compile-class@0.55.2:
    resolution: {integrity: sha512-zKeJtAirFrgj8TheKplgdKrPV9hPN3i2gEy/aQ+CrHHImcQtxZ1FJzmJT1yV77MOXOdeRJOhiePNOe2TE1A4tw==}
    dependencies:
      '@unocss/core': 0.55.2
    dev: true

  /@unocss/transformer-directives@0.55.2:
    resolution: {integrity: sha512-IJKL5clOiv2RjvHYr4xumS4eFScPsi3Vg4vGugsmn43PZ1FsApp8UElHfhuhBsEEiffnsgTD+N5u/EiPpyI0Gw==}
    dependencies:
      '@unocss/core': 0.55.2
      css-tree: 2.3.1
    dev: true

  /@unocss/transformer-variant-group@0.55.2:
    resolution: {integrity: sha512-BIAigftn+mfUeQT7sPzJNgvvbrmLj0gmYmeK4U7/8NxUuOuC0ROTNSw+MKU7yDiPYHqb1kxVZ47LZ3GdUcNPRA==}
    dependencies:
      '@unocss/core': 0.55.2
    dev: true

  /@unocss/vite@0.55.2(vite@4.4.9):
    resolution: {integrity: sha512-JEyEaJt8D+Ed3Z8GDQ0hMWqKsB47/DoS+aPzDoXSIVozgi8seHtfSChBOBUSgcCrozfBVp42YHbYYyloDkb2Yw==}
    peerDependencies:
      vite: ^2.9.0 || ^3.0.0-0 || ^4.0.0
    dependencies:
      '@ampproject/remapping': 2.2.1
      '@rollup/pluginutils': 5.0.3
      '@unocss/config': 0.55.2
      '@unocss/core': 0.55.2
      '@unocss/inspector': 0.55.2
      '@unocss/scope': 0.55.2
      '@unocss/transformer-directives': 0.55.2
      chokidar: 3.5.3
      fast-glob: 3.3.1
      magic-string: 0.30.2
      vite: 4.4.9
    transitivePeerDependencies:
      - rollup
    dev: true

  /acorn@8.10.0:
    resolution: {integrity: sha512-F0SAmZ8iUtS//m8DmCTA0jlh6TDKkHQyK6xc6V4KDTyZKA9dnvX9/3sRTVQrWm79glUAZbnmmNcdYwUIHWVybw==}
    engines: {node: '>=0.4.0'}
    hasBin: true
    dev: true

  /anymatch@3.1.3:
    resolution: {integrity: sha512-KMReFUr0B4t+D+OBkjR3KYqvocp2XaSzO55UcB6mgQMd3KbcE+mWTyvVV7D/zsdEbNnV6acZUutkiHQXvTr1Rw==}
    engines: {node: '>= 8'}
    dependencies:
      normalize-path: 3.0.0
      picomatch: 2.3.1
    dev: true

  /arg@5.0.2:
    resolution: {integrity: sha512-PYjyFOLKQ9y57JvQ6QLo8dAgNqswh8M1RMJYdQduT6xbWSgK36P/Z/v+p888pM69jMMfS8Xd8F6I1kQ/I9HUGg==}
    dev: true

  /binary-extensions@2.2.0:
    resolution: {integrity: sha512-jDctJ/IVQbZoJykoeHbhXpOlNBqGNcwXJKJog42E5HDPUwQTSdjCHdihjj0DlnheQ7blbT6dHOafNAiS8ooQKA==}
    engines: {node: '>=8'}
    dev: true

  /braces@3.0.2:
    resolution: {integrity: sha512-b8um+L1RzM3WDSzvhm6gIz1yfTbBt6YTlcEKAvsmqCZZFw46z626lVj9j1yEPW33H5H+lBQpZMP1k8l+78Ha0A==}
    engines: {node: '>=8'}
    dependencies:
      fill-range: 7.0.1
    dev: true

  /cac@6.7.14:
    resolution: {integrity: sha512-b6Ilus+c3RrdDk+JhLKUAQfzzgLEPy6wcXqS7f/xe1EETvsDP6GORG7SFuOs6cID5YkqchW/LXZbX5bc8j7ZcQ==}
    engines: {node: '>=8'}
    dev: true

  /chokidar@3.5.3:
    resolution: {integrity: sha512-Dr3sfKRP6oTcjf2JmUmFJfeVMvXBdegxB0iVQ5eb2V10uFJUCAS8OByZdVAyVb8xXNz3GjjTgj9kLWsZTqE6kw==}
    engines: {node: '>= 8.10.0'}
    dependencies:
      anymatch: 3.1.3
      braces: 3.0.2
      glob-parent: 5.1.2
      is-binary-path: 2.1.0
      is-glob: 4.0.3
      normalize-path: 3.0.0
      readdirp: 3.6.0
    optionalDependencies:
      fsevents: 2.3.2
    dev: true

  /colorette@2.0.20:
    resolution: {integrity: sha512-IfEDxwoWIjkeXL1eXcDiow4UbKjhLdq6/EuSVR9GMN7KVH3r9gQ83e73hsz1Nd1T3ijd5xv1wcWRYO+D6kCI2w==}
    dev: true

  /consola@3.2.3:
    resolution: {integrity: sha512-I5qxpzLv+sJhTVEoLYNcTW+bThDCPsit0vLNKShZx6rLtpilNpmmeTPaeqJb9ZE9dV3DGaeby6Vuhrw38WjeyQ==}
    engines: {node: ^14.18.0 || >=16.10.0}
    dev: true

  /cross-spawn@7.0.3:
    resolution: {integrity: sha512-iRDPJKUPVEND7dHPO8rkbOnPpyDygcDFtWjpeWNCgy8WP2rXcxXL8TskReQl6OrB2G7+UJrags1q15Fudc7G6w==}
    engines: {node: '>= 8'}
    dependencies:
      path-key: 3.1.1
      shebang-command: 2.0.0
      which: 2.0.2
    dev: true

  /css-tree@2.3.1:
    resolution: {integrity: sha512-6Fv1DV/TYw//QF5IzQdqsNDjx/wc8TrMBZsqjL9eW01tWb7R7k/mq+/VXfJCl7SoD5emsJop9cOByJZfs8hYIw==}
    engines: {node: ^10 || ^12.20.0 || ^14.13.0 || >=15.0.0}
    dependencies:
      mdn-data: 2.0.30
      source-map-js: 1.0.2
    dev: true

  /debug@4.3.4:
    resolution: {integrity: sha512-PRWFHuSU3eDtQJPvnNY7Jcket1j0t5OuOsFzPPzsekD52Zl8qUfFIPEiswXqIvHWGVHOgX+7G/vCNNhehwxfkQ==}
    engines: {node: '>=6.0'}
    peerDependencies:
      supports-color: '*'
    peerDependenciesMeta:
      supports-color:
        optional: true
    dependencies:
      ms: 2.1.2
    dev: true

  /defu@6.1.2:
    resolution: {integrity: sha512-+uO4+qr7msjNNWKYPHqN/3+Dx3NFkmIzayk2L1MyZQlvgZb/J1A0fo410dpKrN2SnqFjt8n4JL8fDJE0wIgjFQ==}
    dev: true

  /destr@2.0.1:
    resolution: {integrity: sha512-M1Ob1zPSIvlARiJUkKqvAZ3VAqQY6Jcuth/pBKQ2b1dX/Qx0OnJ8Vux6J2H5PTMQeRzWrrbTu70VxBfv/OPDJA==}
    dev: true

  /duplexer@0.1.2:
    resolution: {integrity: sha512-jtD6YG370ZCIi/9GTaJKQxWTZD045+4R4hTk/x1UyoqadyJ9x9CgSi1RlVDQF8U2sxLLSnFkCaMihqljHIWgMg==}
    dev: true

  /esbuild@0.18.19:
    resolution: {integrity: sha512-ra3CaIKCzJp5bU5BDfrCc0FRqKj71fQi+gbld0aj6lN0ifuX2fWJYPgLVLGwPfA+ruKna+OWwOvf/yHj6n+i0g==}
    engines: {node: '>=12'}
    hasBin: true
    requiresBuild: true
    optionalDependencies:
      '@esbuild/android-arm': 0.18.19
      '@esbuild/android-arm64': 0.18.19
      '@esbuild/android-x64': 0.18.19
      '@esbuild/darwin-arm64': 0.18.19
      '@esbuild/darwin-x64': 0.18.19
      '@esbuild/freebsd-arm64': 0.18.19
      '@esbuild/freebsd-x64': 0.18.19
      '@esbuild/linux-arm': 0.18.19
      '@esbuild/linux-arm64': 0.18.19
      '@esbuild/linux-ia32': 0.18.19
      '@esbuild/linux-loong64': 0.18.19
      '@esbuild/linux-mips64el': 0.18.19
      '@esbuild/linux-ppc64': 0.18.19
      '@esbuild/linux-riscv64': 0.18.19
      '@esbuild/linux-s390x': 0.18.19
      '@esbuild/linux-x64': 0.18.19
      '@esbuild/netbsd-x64': 0.18.19
      '@esbuild/openbsd-x64': 0.18.19
      '@esbuild/sunos-x64': 0.18.19
      '@esbuild/win32-arm64': 0.18.19
      '@esbuild/win32-ia32': 0.18.19
      '@esbuild/win32-x64': 0.18.19
    dev: true

  /estree-walker@2.0.2:
    resolution: {integrity: sha512-Rfkk/Mp/DL7JVje3u18FxFujQlTNR2q6QfMSMB7AvCBx91NGj/ba3kCfza0f6dVDbw7YlRf/nDrn7pQrCCyQ/w==}
    dev: true

  /execa@5.1.1:
    resolution: {integrity: sha512-8uSpZZocAZRBAPIEINJj3Lo9HyGitllczc27Eh5YYojjMFMn8yHMDMaUHE2Jqfq05D/wucwI4JGURyXt1vchyg==}
    engines: {node: '>=10'}
    dependencies:
      cross-spawn: 7.0.3
      get-stream: 6.0.1
      human-signals: 2.1.0
      is-stream: 2.0.1
      merge-stream: 2.0.0
      npm-run-path: 4.0.1
      onetime: 5.1.2
      signal-exit: 3.0.7
      strip-final-newline: 2.0.0
    dev: true

  /fast-glob@3.3.1:
    resolution: {integrity: sha512-kNFPyjhh5cKjrUltxs+wFx+ZkbRaxxmZ+X0ZU31SOsxCEtP9VPgtq2teZw1DebupL5GmDaNQ6yKMMVcM41iqDg==}
    engines: {node: '>=8.6.0'}
    dependencies:
      '@nodelib/fs.stat': 2.0.5
      '@nodelib/fs.walk': 1.2.8
      glob-parent: 5.1.2
      merge2: 1.4.1
      micromatch: 4.0.5
    dev: true

  /fastq@1.15.0:
    resolution: {integrity: sha512-wBrocU2LCXXa+lWBt8RoIRD89Fi8OdABODa/kEnyeyjS5aZO5/GNvI5sEINADqP/h8M29UHTHUb53sUu5Ihqdw==}
    dependencies:
      reusify: 1.0.4
    dev: true

  /fill-range@7.0.1:
    resolution: {integrity: sha512-qOo9F+dMUmC2Lcb4BbVvnKJxTPjCm+RRpe4gDuGrzkL7mEVl/djYSu2OdQ2Pa302N4oqkSg9ir6jaLWJ2USVpQ==}
    engines: {node: '>=8'}
    dependencies:
      to-regex-range: 5.0.1
    dev: true

  /find-up@5.0.0:
    resolution: {integrity: sha512-78/PXT1wlLLDgTzDs7sjq9hzz0vXD+zn+7wypEe4fXQxCmdmqfGsEPQxmiCSQI3ajFV91bVSsvNtrJRiW6nGng==}
    engines: {node: '>=10'}
    dependencies:
      locate-path: 6.0.0
      path-exists: 4.0.0
    dev: true

  /fsevents@2.3.2:
    resolution: {integrity: sha512-xiqMQR4xAeHTuB9uWm+fFRcIOgKBMiOBP+eXiyT7jsgVCq1bkVygt00oASowB7EdtpOHaaPgKt812P9ab+DDKA==}
    engines: {node: ^8.16.0 || ^10.6.0 || >=11.0.0}
    os: [darwin]
    requiresBuild: true
    dev: true
    optional: true

  /get-stream@6.0.1:
    resolution: {integrity: sha512-ts6Wi+2j3jQjqi70w5AlN8DFnkSwC+MqmxEzdEALB2qXZYV3X/b1CTfgPLGJNMeAWxdPfU8FO1ms3NUfaHCPYg==}
    engines: {node: '>=10'}
    dev: true

  /glob-parent@5.1.2:
    resolution: {integrity: sha512-AOIgSQCepiJYwP3ARnGx+5VnTu2HBYdzbGP45eLw1vr3zB3vZLeyed1sC9hnbcOc9/SrMyM5RPQrkGz4aS9Zow==}
    engines: {node: '>= 6'}
    dependencies:
      is-glob: 4.0.3
    dev: true

  /gzip-size@6.0.0:
    resolution: {integrity: sha512-ax7ZYomf6jqPTQ4+XCpUGyXKHk5WweS+e05MBO4/y3WJ5RkmPXNKvX+bx1behVILVwr6JSQvZAku021CHPXG3Q==}
    engines: {node: '>=10'}
    dependencies:
      duplexer: 0.1.2
    dev: true

  /human-signals@2.1.0:
    resolution: {integrity: sha512-B4FFZ6q/T2jhhksgkbEW3HBvWIfDW85snkQgawt07S7J5QXTk6BkNV+0yAeZrM5QpMAdYlocGoljn0sJ/WQkFw==}
    engines: {node: '>=10.17.0'}
    dev: true

  /is-binary-path@2.1.0:
    resolution: {integrity: sha512-ZMERYes6pDydyuGidse7OsHxtbI7WVeUEozgR/g7rd0xUimYNlvZRE/K2MgZTjWy725IfelLeVcEM97mmtRGXw==}
    engines: {node: '>=8'}
    dependencies:
      binary-extensions: 2.2.0
    dev: true

  /is-extglob@2.1.1:
    resolution: {integrity: sha512-SbKbANkN603Vi4jEZv49LeVJMn4yGwsbzZworEoyEiutsN3nJYdbO36zfhGJ6QEDpOZIFkDtnq5JRxmvl3jsoQ==}
    engines: {node: '>=0.10.0'}
    dev: true

  /is-glob@4.0.3:
    resolution: {integrity: sha512-xelSayHH36ZgE7ZWhli7pW34hNbNl8Ojv5KVmkJD4hBdD3th8Tfk9vYasLM+mXWOZhFkgZfxhLSnrwRr4elSSg==}
    engines: {node: '>=0.10.0'}
    dependencies:
      is-extglob: 2.1.1
    dev: true

  /is-number@7.0.0:
    resolution: {integrity: sha512-41Cifkg6e8TylSpdtTpeLVMqvSBEVzTttHvERD741+pnZ8ANv0004MRL43QKPDlK9cGvNp6NZWZUBlbGXYxxng==}
    engines: {node: '>=0.12.0'}
    dev: true

  /is-promise@4.0.0:
    resolution: {integrity: sha512-hvpoI6korhJMnej285dSg6nu1+e6uxs7zG3BYAm5byqDsgJNWwxzM6z6iZiAgQR4TJ30JmBTOwqZUw3WlyH3AQ==}
    dev: true

  /is-stream@2.0.1:
    resolution: {integrity: sha512-hFoiJiTl63nn+kstHGBtewWSKnQLpyb155KHheA1l39uvtO9nWIop1p3udqPcUd/xbF1VLMO4n7OI6p7RbngDg==}
    engines: {node: '>=8'}
    dev: true

  /isexe@2.0.0:
    resolution: {integrity: sha512-RHxMLp9lnKHGHRng9QFhRCMbYAcVpn69smSGcq3f36xjgVVWThj4qqLbTLlq7Ssj8B+fIQ1EuCEGI2lKsyQeIw==}
    dev: true

  /jiti@1.19.1:
    resolution: {integrity: sha512-oVhqoRDaBXf7sjkll95LHVS6Myyyb1zaunVwk4Z0+WPSW4gjS0pl01zYKHScTuyEhQsFxV5L4DR5r+YqSyqyyg==}
    hasBin: true
    dev: true

  /jsonc-parser@3.2.0:
    resolution: {integrity: sha512-gfFQZrcTc8CnKXp6Y4/CBT3fTc0OVuDofpre4aEeEpSBPV5X5v4+Vmx+8snU7RLPrNHPKSgLxGo9YuQzz20o+w==}
    dev: true

  /kolorist@1.8.0:
    resolution: {integrity: sha512-Y+60/zizpJ3HRH8DCss+q95yr6145JXZo46OTpFvDZWLfRCE4qChOyk1b26nMaNpfHHgxagk9dXT5OP0Tfe+dQ==}
    dev: true

  /local-pkg@0.4.3:
    resolution: {integrity: sha512-SFppqq5p42fe2qcZQqqEOiVRXl+WCP1MdT6k7BDEW1j++sp5fIY+/fdRQitvKgB5BrBcmrs5m/L0v2FrU5MY1g==}
    engines: {node: '>=14'}
    dev: true

  /locate-path@6.0.0:
    resolution: {integrity: sha512-iPZK6eYjbxRu3uB4/WZ3EsEIMJFMqAoopl3R+zuq0UjcAm/MO6KCweDgPfP3elTztoKP3KtnVHxTn2NHBSDVUw==}
    engines: {node: '>=10'}
    dependencies:
      p-locate: 5.0.0
    dev: true

  /magic-string@0.30.2:
    resolution: {integrity: sha512-lNZdu7pewtq/ZvWUp9Wpf/x7WzMTsR26TWV03BRZrXFsv+BI6dy8RAiKgm1uM/kyR0rCfUcqvOlXKG66KhIGug==}
    engines: {node: '>=12'}
    dependencies:
      '@jridgewell/sourcemap-codec': 1.4.15
    dev: true

  /mdn-data@2.0.30:
    resolution: {integrity: sha512-GaqWWShW4kv/G9IEucWScBx9G1/vsFZZJUO+tD26M8J8z3Kw5RDQjaoZe03YAClgeS/SWPOcb4nkFBTEi5DUEA==}
    dev: true

  /merge-stream@2.0.0:
    resolution: {integrity: sha512-abv/qOcuPfk3URPfDzmZU1LKmuw8kT+0nIHvKrKgFrwifol/doWcdA4ZqsWQ8ENrFKkd67Mfpo/LovbIUsbt3w==}
    dev: true

  /merge2@1.4.1:
    resolution: {integrity: sha512-8q7VEgMJW4J8tcfVPy8g09NcQwZdbwFEqhe/WZkoIzjn/3TGDwtOCYtXGxA3O8tPzpczCCDgv+P2P5y00ZJOOg==}
    engines: {node: '>= 8'}
    dev: true

  /micromatch@4.0.5:
    resolution: {integrity: sha512-DMy+ERcEW2q8Z2Po+WNXuw3c5YaUSFjAO5GsJqfEl7UjvtIuFKO6ZrKvcItdy98dwFI2N1tg3zNIdKaQT+aNdA==}
    engines: {node: '>=8.6'}
    dependencies:
      braces: 3.0.2
      picomatch: 2.3.1
    dev: true

  /mimic-fn@2.1.0:
    resolution: {integrity: sha512-OqbOk5oEQeAZ8WXWydlu9HJjz9WVdEIvamMCcXmuqUYjTknH/sqsWvhQ3vgwKFRR1HpjvNBKQ37nbJgYzGqGcg==}
    engines: {node: '>=6'}
    dev: true

  /mlly@1.4.0:
    resolution: {integrity: sha512-ua8PAThnTwpprIaU47EPeZ/bPUVp2QYBbWMphUQpVdBI3Lgqzm5KZQ45Agm3YJedHXaIHl6pBGabaLSUPPSptg==}
    dependencies:
      acorn: 8.10.0
      pathe: 1.1.1
      pkg-types: 1.0.3
      ufo: 1.2.0
    dev: true

  /mrmime@1.0.1:
    resolution: {integrity: sha512-hzzEagAgDyoU1Q6yg5uI+AorQgdvMCur3FcKf7NhMKWsaYg+RnbTyHRa/9IlLF9rf455MOCtcqqrQQ83pPP7Uw==}
    engines: {node: '>=10'}
    dev: true

  /ms@2.1.2:
    resolution: {integrity: sha512-sGkPx+VjMtmA6MX27oA4FBFELFCZZ4S4XqeGOXCv68tT+jb3vk/RyaKWP0PTKyWtmLSM0b+adUTEvbs1PEaH2w==}
    dev: true

  /nanoid@3.3.6:
    resolution: {integrity: sha512-BGcqMMJuToF7i1rt+2PWSNVnWIkGCU78jBG3RxO/bZlnZPK2Cmi2QaffxGO/2RvWi9sL+FAiRiXMgsyxQ1DIDA==}
    engines: {node: ^10 || ^12 || ^13.7 || ^14 || >=15.0.1}
    hasBin: true
    dev: true

  /node-fetch-native@1.2.0:
    resolution: {integrity: sha512-5IAMBTl9p6PaAjYCnMv5FmqIF6GcZnawAVnzaCG0rX2aYZJ4CxEkZNtVPuTRug7fL7wyM5BQYTlAzcyMPi6oTQ==}
    dev: true

  /normalize-path@3.0.0:
    resolution: {integrity: sha512-6eZs5Ls3WtCisHWp9S2GUy8dqkpGi4BVSz3GaqiE6ezub0512ESztXUwUB6C6IKbQkY2Pnb/mD4WYojCRwcwLA==}
    engines: {node: '>=0.10.0'}
    dev: true

  /npm-run-path@4.0.1:
    resolution: {integrity: sha512-S48WzZW777zhNIrn7gxOlISNAqi9ZC/uQFnRdbeIHhZhCA6UqpkOT8T1G7BvfdgP4Er8gF4sUbaS0i7QvIfCWw==}
    engines: {node: '>=8'}
    dependencies:
      path-key: 3.1.1
    dev: true

  /ofetch@1.1.1:
    resolution: {integrity: sha512-SSMoktrp9SNLi20BWfB/BnnKcL0RDigXThD/mZBeQxkIRv1xrd9183MtLdsqRYLYSqW0eTr5t8w8MqjNhvoOQQ==}
    dependencies:
      destr: 2.0.1
      node-fetch-native: 1.2.0
      ufo: 1.2.0
    dev: true

  /onetime@5.1.2:
    resolution: {integrity: sha512-kbpaSSGJTWdAY5KPVeMOKXSrPtr8C8C7wodJbcsd51jRnmD+GZu8Y0VoU6Dm5Z4vWr0Ig/1NKuWRKf7j5aaYSg==}
    engines: {node: '>=6'}
    dependencies:
      mimic-fn: 2.1.0
    dev: true

  /p-limit@3.1.0:
    resolution: {integrity: sha512-TYOanM3wGwNGsZN2cVTYPArw454xnXj5qmWF1bEoAc4+cU/ol7GVh7odevjp1FNHduHc3KZMcFduxU5Xc6uJRQ==}
    engines: {node: '>=10'}
    dependencies:
      yocto-queue: 0.1.0
    dev: true

  /p-locate@5.0.0:
    resolution: {integrity: sha512-LaNjtRWUBY++zB5nE/NwcaoMylSPk+S+ZHNB1TzdbMJMny6dynpAGt7X/tl/QYq3TIeE6nxHppbo2LGymrG5Pw==}
    engines: {node: '>=10'}
    dependencies:
      p-limit: 3.1.0
    dev: true

  /path-exists@4.0.0:
    resolution: {integrity: sha512-ak9Qy5Q7jYb2Wwcey5Fpvg2KoAc/ZIhLSLOSBmRmygPsGwkVVt0fZa0qrtMz+m6tJTAHfZQ8FnmB4MG4LWy7/w==}
    engines: {node: '>=8'}
    dev: true

  /path-key@3.1.1:
    resolution: {integrity: sha512-ojmeN0qd+y0jszEtoY48r0Peq5dwMEkIlCOu6Q5f41lfkswXuKtYrhgoTpLnyIcHm24Uhqx+5Tqm2InSwLhE6Q==}
    engines: {node: '>=8'}
    dev: true

  /pathe@1.1.1:
    resolution: {integrity: sha512-d+RQGp0MAYTIaDBIMmOfMwz3E+LOZnxx1HZd5R18mmCZY0QBlK0LDZfPc8FW8Ed2DlvsuE6PRjroDY+wg4+j/Q==}
    dev: true

  /perfect-debounce@1.0.0:
    resolution: {integrity: sha512-xCy9V055GLEqoFaHoC1SoLIaLmWctgCUaBaWxDZ7/Zx4CTyX7cJQLJOok/orfjZAh9kEYpjJa4d0KcJmCbctZA==}
    dev: true

  /picocolors@1.0.0:
    resolution: {integrity: sha512-1fygroTLlHu66zi26VoTDv8yRgm0Fccecssto+MhsZ0D/DGW2sm8E8AjW7NU5VVTRt5GxbeZ5qBuJr+HyLYkjQ==}
    dev: true

  /picomatch@2.3.1:
    resolution: {integrity: sha512-JU3teHTNjmE2VCGFzuY8EXzCDVwEqB2a8fsIvwaStHhAWJEeVd1o1QD80CU6+ZdEXXSLbSsuLwJjkCBWqRQUVA==}
    engines: {node: '>=8.6'}
    dev: true

  /pkg-types@1.0.3:
    resolution: {integrity: sha512-nN7pYi0AQqJnoLPC9eHFQ8AcyaixBUOwvqc5TDnIKCMEE6I0y8P7OKA7fPexsXGCGxQDl/cmrLAp26LhcwxZ4A==}
    dependencies:
      jsonc-parser: 3.2.0
      mlly: 1.4.0
      pathe: 1.1.1
    dev: true

  /postcss@8.4.27:
    resolution: {integrity: sha512-gY/ACJtJPSmUFPDCHtX78+01fHa64FaU4zaaWfuh1MhGJISufJAH4cun6k/8fwsHYeK4UQmENQK+tRLCFJE8JQ==}
    engines: {node: ^10 || ^12 || >=14}
    dependencies:
      nanoid: 3.3.6
      picocolors: 1.0.0
      source-map-js: 1.0.2
    dev: true

  /queue-microtask@1.2.3:
    resolution: {integrity: sha512-NuaNSa6flKT5JaSYQzJok04JzTL1CA6aGhv5rfLW3PgqA+M2ChpZQnAC8h8i4ZFkBS8X5RqkDBHA7r4hej3K9A==}
    dev: true

  /readdirp@3.6.0:
    resolution: {integrity: sha512-hOS089on8RduqdbhvQ5Z37A0ESjsqz6qnRcffsMU3495FuTdqSm+7bhJ29JvIOsBDEEnan5DPu9t3To9VRlMzA==}
    engines: {node: '>=8.10.0'}
    dependencies:
      picomatch: 2.3.1
    dev: true

  /reusify@1.0.4:
    resolution: {integrity: sha512-U9nH88a3fc/ekCF1l0/UP1IosiuIjyTh7hBvXVMHYgVcfGvt897Xguj2UOLDeI5BG2m7/uwyaLVT6fbtCwTyzw==}
    engines: {iojs: '>=1.0.0', node: '>=0.10.0'}
    dev: true

  /rollup@3.27.2:
    resolution: {integrity: sha512-YGwmHf7h2oUHkVBT248x0yt6vZkYQ3/rvE5iQuVBh3WO8GcJ6BNeOkpoX1yMHIiBm18EMLjBPIoUDkhgnyxGOQ==}
    engines: {node: '>=14.18.0', npm: '>=8.0.0'}
    hasBin: true
    optionalDependencies:
      fsevents: 2.3.2
    dev: true

  /run-parallel@1.2.0:
    resolution: {integrity: sha512-5l4VyZR86LZ/lDxZTR6jqL8AFE2S0IFLMP26AbjsLVADxHdhB/c0GUsH+y39UfCi3dzz8OlQuPmnaJOMoDHQBA==}
    dependencies:
      queue-microtask: 1.2.3
    dev: true

  /sax@1.2.4:
    resolution: {integrity: sha512-NqVDv9TpANUjFm0N8uM5GxL36UgKi9/atZw+x7YFnQ8ckwFGKrl4xX4yWtrey3UJm5nP1kUbnYgLopqWNSRhWw==}
    dev: true

  /shebang-command@2.0.0:
    resolution: {integrity: sha512-kHxr2zZpYtdmrN1qDjrrX/Z1rR1kG8Dx+gkpK1G4eXmvXswmcE1hTWBWYUzlraYw1/yZp6YuDY77YtvbN0dmDA==}
    engines: {node: '>=8'}
    dependencies:
      shebang-regex: 3.0.0
    dev: true

  /shebang-regex@3.0.0:
    resolution: {integrity: sha512-7++dFhtcx3353uBaq8DDR4NuxBetBzC7ZQOhmTQInHEd6bSrXdiEyzCvG07Z44UYdLShWUyXt5M/yhz8ekcb1A==}
    engines: {node: '>=8'}
    dev: true

  /signal-exit@3.0.7:
    resolution: {integrity: sha512-wnD2ZE+l+SPC/uoS0vXeE9L1+0wuaMqKlfz9AMUo38JsyLSBWSFcHR1Rri62LZc12vLr1gb3jl7iwQhgwpAbGQ==}
    dev: true

  /sirv@2.0.3:
    resolution: {integrity: sha512-O9jm9BsID1P+0HOi81VpXPoDxYP374pkOLzACAoyUQ/3OUVndNpsz6wMnY2z+yOxzbllCKZrM+9QrWsv4THnyA==}
    engines: {node: '>= 10'}
    dependencies:
      '@polka/url': 1.0.0-next.21
      mrmime: 1.0.1
      totalist: 3.0.1
    dev: true

  /sitemap@7.1.1:
    resolution: {integrity: sha512-mK3aFtjz4VdJN0igpIJrinf3EO8U8mxOPsTBzSsy06UtjZQJ3YY3o3Xa7zSc5nMqcMrRwlChHZ18Kxg0caiPBg==}
    engines: {node: '>=12.0.0', npm: '>=5.6.0'}
    hasBin: true
    dependencies:
      '@types/node': 17.0.45
      '@types/sax': 1.2.4
      arg: 5.0.2
      sax: 1.2.4
    dev: true

  /source-map-js@1.0.2:
    resolution: {integrity: sha512-R0XvVJ9WusLiqTCEiGCmICCMplcCkIwwR11mOSD9CR5u+IXYdiseeEuXCVAjS54zqwkLcPNnmU4OeJ6tUrWhDw==}
    engines: {node: '>=0.10.0'}
    dev: true

  /strip-final-newline@2.0.0:
    resolution: {integrity: sha512-BrpvfNAE3dcvq7ll3xVumzjKjZQ5tI1sEUIKr3Uoks0XUl45St3FlatVqef9prk4jRDzhW6WZg+3bk93y6pLjA==}
    engines: {node: '>=6'}
    dev: true

  /to-regex-range@5.0.1:
    resolution: {integrity: sha512-65P7iz6X5yEr1cwcgvQxbbIw7Uk3gOy5dIdtZ4rDveLqhrdJP+Li/Hx6tyK0NEb+2GCyneCMJiGqrADCSNk8sQ==}
    engines: {node: '>=8.0'}
    dependencies:
      is-number: 7.0.0
    dev: true

  /totalist@3.0.1:
    resolution: {integrity: sha512-sf4i37nQ2LBx4m3wB74y+ubopq6W/dIzXg0FDGjsYnZHVa1Da8FH853wlL2gtUhg+xJXjfk3kUZS3BRoQeoQBQ==}
    engines: {node: '>=6'}
    dev: true

  /ufo@1.2.0:
    resolution: {integrity: sha512-RsPyTbqORDNDxqAdQPQBpgqhWle1VcTSou/FraClYlHf6TZnQcGslpLcAphNR+sQW4q5lLWLbOsRlh9j24baQg==}
    dev: true

  /unconfig@0.3.10:
    resolution: {integrity: sha512-tj317lhIq2iZF/NXrJnU1t2UaGUKKz1eL1sK2t63Oq66V9BxqvZV12m55fp/fpQJ+DDmVlLgo7cnLVOZkhlO/A==}
    dependencies:
      '@antfu/utils': 0.7.5
      defu: 6.1.2
      jiti: 1.19.1
      mlly: 1.4.0
    dev: true

  /unocss@0.55.2(postcss@8.4.27)(vite@4.4.9):
    resolution: {integrity: sha512-+C8tFUFIEv40DpEhjA/Yv+RB5HZumkWiON2OlPyrbzapQ8x60F9TUwUS3pw7MlpxI6GfTCYwXKEE6DTGCm1SLA==}
    engines: {node: '>=14'}
    peerDependencies:
      '@unocss/webpack': 0.55.2
      vite: ^2.9.0 || ^3.0.0-0 || ^4.0.0
    peerDependenciesMeta:
      '@unocss/webpack':
        optional: true
      vite:
        optional: true
    dependencies:
      '@unocss/astro': 0.55.2(vite@4.4.9)
      '@unocss/cli': 0.55.2
      '@unocss/core': 0.55.2
      '@unocss/extractor-arbitrary-variants': 0.55.2
      '@unocss/postcss': 0.55.2(postcss@8.4.27)
      '@unocss/preset-attributify': 0.55.2
      '@unocss/preset-icons': 0.55.2
      '@unocss/preset-mini': 0.55.2
      '@unocss/preset-tagify': 0.55.2
      '@unocss/preset-typography': 0.55.2
      '@unocss/preset-uno': 0.55.2
      '@unocss/preset-web-fonts': 0.55.2
      '@unocss/preset-wind': 0.55.2
      '@unocss/reset': 0.55.2
      '@unocss/transformer-attributify-jsx': 0.55.2
      '@unocss/transformer-attributify-jsx-babel': 0.55.2
      '@unocss/transformer-compile-class': 0.55.2
      '@unocss/transformer-directives': 0.55.2
      '@unocss/transformer-variant-group': 0.55.2
      '@unocss/vite': 0.55.2(vite@4.4.9)
      vite: 4.4.9
    transitivePeerDependencies:
      - postcss
      - rollup
      - supports-color
    dev: true

  /vite@4.4.9:
    resolution: {integrity: sha512-2mbUn2LlUmNASWwSCNSJ/EG2HuSRTnVNaydp6vMCm5VIqJsjMfbIWtbH2kDuwUVW5mMUKKZvGPX/rqeqVvv1XA==}
    engines: {node: ^14.18.0 || >=16.0.0}
    hasBin: true
    peerDependencies:
      '@types/node': '>= 14'
      less: '*'
      lightningcss: ^1.21.0
      sass: '*'
      stylus: '*'
      sugarss: '*'
      terser: ^5.4.0
    peerDependenciesMeta:
      '@types/node':
        optional: true
      less:
        optional: true
      lightningcss:
        optional: true
      sass:
        optional: true
      stylus:
        optional: true
      sugarss:
        optional: true
      terser:
        optional: true
    dependencies:
      esbuild: 0.18.19
      postcss: 8.4.27
      rollup: 3.27.2
    optionalDependencies:
      fsevents: 2.3.2
    dev: true

  /which@2.0.2:
    resolution: {integrity: sha512-BLI3Tl1TW3Pvl70l3yq3Y64i+awpwXqsGBYWkkqMtnbXgrMD+yj7rhW0kuEDxzJaYXGjEW5ogapKNMEKNMjibA==}
    engines: {node: '>= 8'}
    hasBin: true
    dependencies:
      isexe: 2.0.0
    dev: true

  /yocto-queue@0.1.0:
    resolution: {integrity: sha512-rVksvsnNCdJ/ohGc6xgPwyN8eheCxsiLM8mxuE/t/mOVqJewPuO1miLpTHQiRgTKCLexL4MeAFVagts7HmNZ2Q==}
    engines: {node: '>=10'}
    dev: true
